
Microsoft Visual Studio Solution File, Format Version 12.00
Project("{FAE04EC0-301F-11D3-BF4B-00C04F79EFBC}") = "Target10.9.Api", "Target10.9.Api\Target10.9.Api.csproj", "{85263CDC-A2BD-451D-AD18-11994AA80D93}"
EndProject
Project("{2150E333-8FDC-42A3-9474-1A3956D46DE8}") = "src", "src", "{FABDF379-7003-4816-B3E3-6C6E9E5EB7FC}"
EndProject
Project("{2150E333-8FDC-42A3-9474-1A3956D46DE8}") = "Api", "Api", "{29552520-053B-415D-9230-226941420D84}"
EndProject
Project("{2150E333-8FDC-42A3-9474-1A3956D46DE8}") = "Business", "Business", "{8219BBFF-8103-4AFE-BC0E-7AA4B2B80C20}"
EndProject
Project("{2150E333-8FDC-42A3-9474-1A3956D46DE8}") = "Infrastructure", "Infrastructure", "{F95A5DFF-CA2D-409B-AA80-6AE931E5620A}"
EndProject
Project("{FAE04EC0-301F-11D3-BF4B-00C04F79EFBC}") = "Target10.9.Persistence", "Target10.9.Persistence\Target10.9.Persistence.csproj", "{D071116B-F02A-4227-A08E-C636A0EEA93C}"
EndProject
Project("{FAE04EC0-301F-11D3-BF4B-00C04F79EFBC}") = "Target10.9.Business", "Target10.9.Business\Target10.9.Business.csproj", "{3FA73E12-F37B-4C5C-BECE-A3411BB4786B}"
EndProject
Global
	GlobalSection(SolutionConfigurationPlatforms) = preSolution
		Debug|Any CPU = Debug|Any CPU
		Release|Any CPU = Release|Any CPU
	EndGlobalSection
	GlobalSection(ProjectConfigurationPlatforms) = postSolution
		{85263CDC-A2BD-451D-AD18-11994AA80D93}.Debug|Any CPU.ActiveCfg = Debug|Any CPU
		{85263CDC-A2BD-451D-AD18-11994AA80D93}.Debug|Any CPU.Build.0 = Debug|Any CPU
		{85263CDC-A2BD-451D-AD18-11994AA80D93}.Release|Any CPU.ActiveCfg = Release|Any CPU
		{85263CDC-A2BD-451D-AD18-11994AA80D93}.Release|Any CPU.Build.0 = Release|Any CPU
		{D071116B-F02A-4227-A08E-C636A0EEA93C}.Debug|Any CPU.ActiveCfg = Debug|Any CPU
		{D071116B-F02A-4227-A08E-C636A0EEA93C}.Debug|Any CPU.Build.0 = Debug|Any CPU
		{D071116B-F02A-4227-A08E-C636A0EEA93C}.Release|Any CPU.ActiveCfg = Release|Any CPU
		{D071116B-F02A-4227-A08E-C636A0EEA93C}.Release|Any CPU.Build.0 = Release|Any CPU
		{3FA73E12-F37B-4C5C-BECE-A3411BB4786B}.Debug|Any CPU.ActiveCfg = Debug|Any CPU
		{3FA73E12-F37B-4C5C-BECE-A3411BB4786B}.Debug|Any CPU.Build.0 = Debug|Any CPU
		{3FA73E12-F37B-4C5C-BECE-A3411BB4786B}.Release|Any CPU.ActiveCfg = Release|Any CPU
		{3FA73E12-F37B-4C5C-BECE-A3411BB4786B}.Release|Any CPU.Build.0 = Release|Any CPU
	EndGlobalSection
	GlobalSection(NestedProjects) = preSolution
		{29552520-053B-415D-9230-226941420D84} = {FABDF379-7003-4816-B3E3-6C6E9E5EB7FC}
		{85263CDC-A2BD-451D-AD18-11994AA80D93} = {29552520-053B-415D-9230-226941420D84}
		{8219BBFF-8103-4AFE-BC0E-7AA4B2B80C20} = {FABDF379-7003-4816-B3E3-6C6E9E5EB7FC}
		{F95A5DFF-CA2D-409B-AA80-6AE931E5620A} = {FABDF379-7003-4816-B3E3-6C6E9E5EB7FC}
		{D071116B-F02A-4227-A08E-C636A0EEA93C} = {F95A5DFF-CA2D-409B-AA80-6AE931E5620A}
		{3FA73E12-F37B-4C5C-BECE-A3411BB4786B} = {8219BBFF-8103-4AFE-BC0E-7AA4B2B80C20}
	EndGlobalSection
EndGlobal
